lockfileVersion: '6.0'

settings:
  autoInstallPeers: true
  excludeLinksFromLockfile: false

dependencies:
  mini-svg-data-uri:
    specifier: ^1.4.3
    version: 1.4.4

devDependencies:
  '@unocss/core':
    specifier: ^0.55.7
    version: 0.55.7
  typescript:
    specifier: ^5.2.2
    version: 5.2.2

packages:

  /@unocss/core@0.55.7:
    resolution: {integrity: sha512-c+bWe844Xjlwc1EPwHj0+n3LpntJG7ELPbEOOxNIG+CQdcEX0l1G0rkM8+nKstJ9WJmgpf1HdJQLVMF62HXvhw==}
    dev: true

  /mini-svg-data-uri@1.4.4:
    resolution: {integrity: sha512-r9deDe9p5FJUPZAk3A59wGH7Ii9YrjjWw0jmw/liSbHl2CHiyXj6FcDXDu2K3TjVAXqiJdaw3xxwlZZr9E6nHg==}
    hasBin: true
    dev: false

  /typescript@5.2.2:
    resolution: {integrity: sha512-mI4WrpHsbCIcwT9cF4FZvr80QUeKvsUsUvKDoR+X/7XHQH98xYD8YHZg7ANtz2GtZt/CBq2QJ0thkGJMHfqc1w==}
    engines: {node: '>=14.17'}
    hasBin: true
    dev: true
